
Microsoft Visual Studio Solution File, Format Version 12.00
# Visual Studio Version 16
VisualStudioVersion = 16.0.31729.503
MinimumVisualStudioVersion = 10.0.40219.1
Project("{FAE04EC0-301F-11D3-BF4B-00C04F79EFBC}") = "Ecom-Api", "Ecom-Api\Ecom-Api.csproj", "{6E02FC3F-DC07-414C-AFB0-8EA22276BFD2}"
EndProject
Global
	GlobalSection(SolutionConfigurationPlatforms) = preSolution
		Debug|Any CPU = Debug|Any CPU
		Release|Any CPU = Release|Any CPU
	EndGlobalSection
	GlobalSection(ProjectConfigurationPlatforms) = postSolution
		{6E02FC3F-DC07-414C-AFB0-8EA22276BFD2}.Debug|Any CPU.ActiveCfg = Debug|Any CPU
		{6E02FC3F-DC07-414C-AFB0-8EA22276BFD2}.Debug|Any CPU.Build.0 = Debug|Any CPU
		{6E02FC3F-DC07-414C-AFB0-8EA22276BFD2}.Release|Any CPU.ActiveCfg = Release|Any CPU
		{6E02FC3F-DC07-414C-AFB0-8EA22276BFD2}.Release|Any CPU.Build.0 = Release|Any CPU
	EndGlobalSection
	GlobalSection(SolutionProperties) = preSolution
		HideSolutionNode = FALSE
	EndGlobalSection
	GlobalSection(ExtensibilityGlobals) = postSolution
		SolutionGuid = {FF3E0CDD-A8AA-42C7-9F4C-6D09C5915C4A}
	EndGlobalSection
EndGlobal
